
Microsoft Visual Studio Solution File, Format Version 12.00
# Visual Studio 2013
VisualStudioVersion = 12.0.31101.0
MinimumVisualStudioVersion = 10.0.40219.1
Project("{FAE04EC0-301F-11D3-BF4B-00C04F79EFBC}") = "01.BiggerNumber", "01.BiggerNumber\01.BiggerNumber.csproj", "{67826AFF-8DD5-4F33-92B4-FEA80863700D}"
EndProject
Project("{FAE04EC0-301F-11D3-BF4B-00C04F79EFBC}") = "02.LastDigitOfNumber", "02.LastDigitOfNumber\02.LastDigitOfNumber.csproj", "{141B2A02-0B4B-4BAA-B510-0E8A18BE9897}"
EndProject
Project("{FAE04EC0-301F-11D3-BF4B-00C04F79EFBC}") = "03.LargerThanNeighbours", "03.LargerThanNeighbours\03.LargerThanNeighbours.csproj", "{DBE939D8-DCB1-4987-BDDE-42D7AF899B86}"
EndProject
Project("{FAE04EC0-301F-11D3-BF4B-00C04F79EFBC}") = "04.FirstLargerThanNeigh", "04.FirstLargerThanNeigh\04.FirstLargerThanNeigh.csproj", "{464B1545-3BED-4562-8D37-29E2ABC77926}"
EndProject
Project("{FAE04EC0-301F-11D3-BF4B-00C04F79EFBC}") = "05.ReverseNumber", "05.ReverseNumber\05.ReverseNumber.csproj", "{B4597E98-1469-4483-8DE3-AD8B1AD56089}"
EndProject
Project("{FAE04EC0-301F-11D3-BF4B-00C04F79EFBC}") = "06.NumberCalc", "06.NumberCalc\06.NumberCalc.csproj", "{60E35C91-CE34-496E-8B4F-938B9D0668B5}"
EndProject
Global
	GlobalSection(SolutionConfigurationPlatforms) = preSolution
		Debug|Any CPU = Debug|Any CPU
		Debug|ARM = Debug|ARM
		Debug|x64 = Debug|x64
		Debug|x86 = Debug|x86
		Release|Any CPU = Release|Any CPU
		Release|ARM = Release|ARM
		Release|x64 = Release|x64
		Release|x86 = Release|x86
	EndGlobalSection
	GlobalSection(ProjectConfigurationPlatforms) = postSolution
		{67826AFF-8DD5-4F33-92B4-FEA80863700D}.Debug|Any CPU.ActiveCfg = Debug|Any CPU
		{67826AFF-8DD5-4F33-92B4-FEA80863700D}.Debug|Any CPU.Build.0 = Debug|Any CPU
		{67826AFF-8DD5-4F33-92B4-FEA80863700D}.Debug|ARM.ActiveCfg = Debug|Any CPU
		{67826AFF-8DD5-4F33-92B4-FEA80863700D}.Debug|x64.ActiveCfg = Debug|Any CPU
		{67826AFF-8DD5-4F33-92B4-FEA80863700D}.Debug|x86.ActiveCfg = Debug|Any CPU
		{67826AFF-8DD5-4F33-92B4-FEA80863700D}.Release|Any CPU.ActiveCfg = Release|Any CPU
		{67826AFF-8DD5-4F33-92B4-FEA80863700D}.Release|Any CPU.Build.0 = Release|Any CPU
		{67826AFF-8DD5-4F33-92B4-FEA80863700D}.Release|ARM.ActiveCfg = Release|Any CPU
		{67826AFF-8DD5-4F33-92B4-FEA80863700D}.Release|x64.ActiveCfg = Release|Any CPU
		{67826AFF-8DD5-4F33-92B4-FEA80863700D}.Release|x86.ActiveCfg = Release|Any CPU
		{141B2A02-0B4B-4BAA-B510-0E8A18BE9897}.Debug|Any CPU.ActiveCfg = Debug|Any CPU
		{141B2A02-0B4B-4BAA-B510-0E8A18BE9897}.Debug|Any CPU.Build.0 = Debug|Any CPU
		{141B2A02-0B4B-4BAA-B510-0E8A18BE9897}.Debug|ARM.ActiveCfg = Debug|Any CPU
		{141B2A02-0B4B-4BAA-B510-0E8A18BE9897}.Debug|x64.ActiveCfg = Debug|Any CPU
		{141B2A02-0B4B-4BAA-B510-0E8A18BE9897}.Debug|x86.ActiveCfg = Debug|Any CPU
		{141B2A02-0B4B-4BAA-B510-0E8A18BE9897}.Release|Any CPU.ActiveCfg = Release|Any CPU
		{141B2A02-0B4B-4BAA-B510-0E8A18BE9897}.Release|Any CPU.Build.0 = Release|Any CPU
		{141B2A02-0B4B-4BAA-B510-0E8A18BE9897}.Release|ARM.ActiveCfg = Release|Any CPU
		{141B2A02-0B4B-4BAA-B510-0E8A18BE9897}.Release|x64.ActiveCfg = Release|Any CPU
		{141B2A02-0B4B-4BAA-B510-0E8A18BE9897}.Release|x86.ActiveCfg = Release|Any CPU
		{DBE939D8-DCB1-4987-BDDE-42D7AF899B86}.Debug|Any CPU.ActiveCfg = Debug|Any CPU
		{DBE939D8-DCB1-4987-BDDE-42D7AF899B86}.Debug|Any CPU.Build.0 = Debug|Any CPU
		{DBE939D8-DCB1-4987-BDDE-42D7AF899B86}.Debug|ARM.ActiveCfg = Debug|Any CPU
		{DBE939D8-DCB1-4987-BDDE-42D7AF899B86}.Debug|x64.ActiveCfg = Debug|Any CPU
		{DBE939D8-DCB1-4987-BDDE-42D7AF899B86}.Debug|x86.ActiveCfg = Debug|Any CPU
		{DBE939D8-DCB1-4987-BDDE-42D7AF899B86}.Release|Any CPU.ActiveCfg = Release|Any CPU
		{DBE939D8-DCB1-4987-BDDE-42D7AF899B86}.Release|Any CPU.Build.0 = Release|Any CPU
		{DBE939D8-DCB1-4987-BDDE-42D7AF899B86}.Release|ARM.ActiveCfg = Release|Any CPU
		{DBE939D8-DCB1-4987-BDDE-42D7AF899B86}.Release|x64.ActiveCfg = Release|Any CPU
		{DBE939D8-DCB1-4987-BDDE-42D7AF899B86}.Release|x86.ActiveCfg = Release|Any CPU
		{464B1545-3BED-4562-8D37-29E2ABC77926}.Debug|Any CPU.ActiveCfg = Debug|Any CPU
		{464B1545-3BED-4562-8D37-29E2ABC77926}.Debug|Any CPU.Build.0 = Debug|Any CPU
		{464B1545-3BED-4562-8D37-29E2ABC77926}.Debug|ARM.ActiveCfg = Debug|Any CPU
		{464B1545-3BED-4562-8D37-29E2ABC77926}.Debug|x64.ActiveCfg = Debug|Any CPU
		{464B1545-3BED-4562-8D37-29E2ABC77926}.Debug|x86.ActiveCfg = Debug|Any CPU
		{464B1545-3BED-4562-8D37-29E2ABC77926}.Release|Any CPU.ActiveCfg = Release|Any CPU
		{464B1545-3BED-4562-8D37-29E2ABC77926}.Release|Any CPU.Build.0 = Release|Any CPU
		{464B1545-3BED-4562-8D37-29E2ABC77926}.Release|ARM.ActiveCfg = Release|Any CPU
		{464B1545-3BED-4562-8D37-29E2ABC77926}.Release|x64.ActiveCfg = Release|Any CPU
		{464B1545-3BED-4562-8D37-29E2ABC77926}.Release|x86.ActiveCfg = Release|Any CPU
		{B4597E98-1469-4483-8DE3-AD8B1AD56089}.Debug|Any CPU.ActiveCfg = Debug|Any CPU
		{B4597E98-1469-4483-8DE3-AD8B1AD56089}.Debug|Any CPU.Build.0 = Debug|Any CPU
		{B4597E98-1469-4483-8DE3-AD8B1AD56089}.Debug|ARM.ActiveCfg = Debug|Any CPU
		{B4597E98-1469-4483-8DE3-AD8B1AD56089}.Debug|x64.ActiveCfg = Debug|Any CPU
		{B4597E98-1469-4483-8DE3-AD8B1AD56089}.Debug|x86.ActiveCfg = Debug|Any CPU
		{B4597E98-1469-4483-8DE3-AD8B1AD56089}.Release|Any CPU.ActiveCfg = Release|Any CPU
		{B4597E98-1469-4483-8DE3-AD8B1AD56089}.Release|Any CPU.Build.0 = Release|Any CPU
		{B4597E98-1469-4483-8DE3-AD8B1AD56089}.Release|ARM.ActiveCfg = Release|Any CPU
		{B4597E98-1469-4483-8DE3-AD8B1AD56089}.Release|x64.ActiveCfg = Release|Any CPU
		{B4597E98-1469-4483-8DE3-AD8B1AD56089}.Release|x86.ActiveCfg = Release|Any CPU
		{60E35C91-CE34-496E-8B4F-938B9D0668B5}.Debug|Any CPU.ActiveCfg = Debug|Any CPU
		{60E35C91-CE34-496E-8B4F-938B9D0668B5}.Debug|Any CPU.Build.0 = Debug|Any CPU
		{60E35C91-CE34-496E-8B4F-938B9D0668B5}.Debug|ARM.ActiveCfg = Debug|Any CPU
		{60E35C91-CE34-496E-8B4F-938B9D0668B5}.Debug|x64.ActiveCfg = Debug|Any CPU
		{60E35C91-CE34-496E-8B4F-938B9D0668B5}.Debug|x86.ActiveCfg = Debug|Any CPU
		{60E35C91-CE34-496E-8B4F-938B9D0668B5}.Release|Any CPU.ActiveCfg = Release|Any CPU
		{60E35C91-CE34-496E-8B4F-938B9D0668B5}.Release|Any CPU.Build.0 = Release|Any CPU
		{60E35C91-CE34-496E-8B4F-938B9D0668B5}.Release|ARM.ActiveCfg = Release|Any CPU
		{60E35C91-CE34-496E-8B4F-938B9D0668B5}.Release|x64.ActiveCfg = Release|Any CPU
		{60E35C91-CE34-496E-8B4F-938B9D0668B5}.Release|x86.ActiveCfg = Release|Any CPU
	EndGlobalSection
	GlobalSection(SolutionProperties) = preSolution
		HideSolutionNode = FALSE
	EndGlobalSection
EndGlobal
